
Microsoft Visual Studio Solution File, Format Version 12.00
# Visual Studio Version 17
VisualStudioVersion = 17.4.33205.214
MinimumVisualStudioVersion = 10.0.40219.1
Project("{9A19103F-16F7-4668-BE54-9A1E7A4F7556}") = "PDF-API", "PDF-API\PDF-API.csproj", "{DA424C09-45EB-4590-A34F-200C0B652617}"
EndProject
Project("{9A19103F-16F7-4668-BE54-9A1E7A4F7556}") = "PDF-API.Domain", "PDF-API.Domain\PDF-API.Domain.csproj", "{A5187606-6D4A-4C03-BE79-A85C9AAF0701}"
EndProject
Global
	GlobalSection(SolutionConfigurationPlatforms) = preSolution
		Debug|Any CPU = Debug|Any CPU
		Release|Any CPU = Release|Any CPU
	EndGlobalSection
	GlobalSection(ProjectConfigurationPlatforms) = postSolution
		{DA424C09-45EB-4590-A34F-200C0B652617}.Debug|Any CPU.ActiveCfg = Debug|Any CPU
		{DA424C09-45EB-4590-A34F-200C0B652617}.Debug|Any CPU.Build.0 = Debug|Any CPU
		{DA424C09-45EB-4590-A34F-200C0B652617}.Release|Any CPU.ActiveCfg = Release|Any CPU
		{DA424C09-45EB-4590-A34F-200C0B652617}.Release|Any CPU.Build.0 = Release|Any CPU
		{A5187606-6D4A-4C03-BE79-A85C9AAF0701}.Debug|Any CPU.ActiveCfg = Debug|Any CPU
		{A5187606-6D4A-4C03-BE79-A85C9AAF0701}.Debug|Any CPU.Build.0 = Debug|Any CPU
		{A5187606-6D4A-4C03-BE79-A85C9AAF0701}.Release|Any CPU.ActiveCfg = Release|Any CPU
		{A5187606-6D4A-4C03-BE79-A85C9AAF0701}.Release|Any CPU.Build.0 = Release|Any CPU
	EndGlobalSection
	GlobalSection(SolutionProperties) = preSolution
		HideSolutionNode = FALSE
	EndGlobalSection
	GlobalSection(ExtensibilityGlobals) = postSolution
		SolutionGuid = {B20206F6-19F3-4BC8-B7B0-EBA16A27AB70}
	EndGlobalSection
EndGlobal
